
Microsoft Visual Studio Solution File, Format Version 12.00
# Visual Studio Version 17
VisualStudioVersion = 17.0.31903.59
MinimumVisualStudioVersion = 10.0.40219.1
Project("{2150E333-8FDC-42A3-9474-1A3956D46DE8}") = "src", "src", "{CC364B59-827E-4766-9225-302E6D10DD5E}"
EndProject
Project("{FAE04EC0-301F-11D3-BF4B-00C04F79EFBC}") = "KriosManufacturing.App", "src\KriosManufacturing.App\KriosManufacturing.App.csproj", "{EF678724-C8CB-4167-B9F7-8CBA930B9D6F}"
EndProject
Project("{FAE04EC0-301F-11D3-BF4B-00C04F79EFBC}") = "KriosManufacturing.Core", "src\KriosManufacturing.Core\KriosManufacturing.Core.csproj", "{CF10FE7C-8257-4C47-96D8-39122C0AF1D5}"
EndProject
Project("{FAE04EC0-301F-11D3-BF4B-00C04F79EFBC}") = "KriosManufacturing.Wms", "src\KriosManufacturing.Wms\KriosManufacturing.Wms.csproj", "{90DB1A29-34DA-468D-AD28-589D53E2C7E3}"
EndProject
Global
	GlobalSection(SolutionConfigurationPlatforms) = preSolution
		Debug|Any CPU = Debug|Any CPU
		Release|Any CPU = Release|Any CPU
	EndGlobalSection
	GlobalSection(SolutionProperties) = preSolution
		HideSolutionNode = FALSE
	EndGlobalSection
	GlobalSection(ProjectConfigurationPlatforms) = postSolution
		{EF678724-C8CB-4167-B9F7-8CBA930B9D6F}.Debug|Any CPU.ActiveCfg = Debug|Any CPU
		{EF678724-C8CB-4167-B9F7-8CBA930B9D6F}.Debug|Any CPU.Build.0 = Debug|Any CPU
		{EF678724-C8CB-4167-B9F7-8CBA930B9D6F}.Release|Any CPU.ActiveCfg = Release|Any CPU
		{EF678724-C8CB-4167-B9F7-8CBA930B9D6F}.Release|Any CPU.Build.0 = Release|Any CPU
		{CF10FE7C-8257-4C47-96D8-39122C0AF1D5}.Debug|Any CPU.ActiveCfg = Debug|Any CPU
		{CF10FE7C-8257-4C47-96D8-39122C0AF1D5}.Debug|Any CPU.Build.0 = Debug|Any CPU
		{CF10FE7C-8257-4C47-96D8-39122C0AF1D5}.Release|Any CPU.ActiveCfg = Release|Any CPU
		{CF10FE7C-8257-4C47-96D8-39122C0AF1D5}.Release|Any CPU.Build.0 = Release|Any CPU
		{90DB1A29-34DA-468D-AD28-589D53E2C7E3}.Debug|Any CPU.ActiveCfg = Debug|Any CPU
		{90DB1A29-34DA-468D-AD28-589D53E2C7E3}.Debug|Any CPU.Build.0 = Debug|Any CPU
		{90DB1A29-34DA-468D-AD28-589D53E2C7E3}.Release|Any CPU.ActiveCfg = Release|Any CPU
		{90DB1A29-34DA-468D-AD28-589D53E2C7E3}.Release|Any CPU.Build.0 = Release|Any CPU
	EndGlobalSection
	GlobalSection(NestedProjects) = preSolution
		{EF678724-C8CB-4167-B9F7-8CBA930B9D6F} = {CC364B59-827E-4766-9225-302E6D10DD5E}
		{CF10FE7C-8257-4C47-96D8-39122C0AF1D5} = {CC364B59-827E-4766-9225-302E6D10DD5E}
		{90DB1A29-34DA-468D-AD28-589D53E2C7E3} = {CC364B59-827E-4766-9225-302E6D10DD5E}
	EndGlobalSection
EndGlobal
