
Microsoft Visual Studio Solution File, Format Version 12.00
# Visual Studio Version 17
VisualStudioVersion = 17.0.31903.59
MinimumVisualStudioVersion = 10.0.40219.1
Project("{FAE04EC0-301F-11D3-BF4B-00C04F79EFBC}") = "KriosManufacturing.App", "KriosManufacturing.App\KriosManufacturing.App.csproj", "{EEDFFCCF-9C28-4F40-BF82-59DAA6F4BAEC}"
EndProject
Project("{FAE04EC0-301F-11D3-BF4B-00C04F79EFBC}") = "KriosManufacturing.Core", "KriosManufacturing.Core\KriosManufacturing.Core.csproj", "{2D30C9C0-18F5-499F-ADD6-92D41E2C11DA}"
EndProject
Project("{FAE04EC0-301F-11D3-BF4B-00C04F79EFBC}") = "KriosManufacturing.Ims", "KriosManufacturing.Ims\KriosManufacturing.Ims.csproj", "{C9FFA73A-1DCD-4B21-BB66-C765B924F3E1}"
EndProject
Global
	GlobalSection(SolutionConfigurationPlatforms) = preSolution
		Debug|Any CPU = Debug|Any CPU
		Release|Any CPU = Release|Any CPU
	EndGlobalSection
	GlobalSection(SolutionProperties) = preSolution
		HideSolutionNode = FALSE
	EndGlobalSection
	GlobalSection(ProjectConfigurationPlatforms) = postSolution
		{EEDFFCCF-9C28-4F40-BF82-59DAA6F4BAEC}.Debug|Any CPU.ActiveCfg = Debug|Any CPU
		{EEDFFCCF-9C28-4F40-BF82-59DAA6F4BAEC}.Debug|Any CPU.Build.0 = Debug|Any CPU
		{EEDFFCCF-9C28-4F40-BF82-59DAA6F4BAEC}.Release|Any CPU.ActiveCfg = Release|Any CPU
		{EEDFFCCF-9C28-4F40-BF82-59DAA6F4BAEC}.Release|Any CPU.Build.0 = Release|Any CPU
		{2D30C9C0-18F5-499F-ADD6-92D41E2C11DA}.Debug|Any CPU.ActiveCfg = Debug|Any CPU
		{2D30C9C0-18F5-499F-ADD6-92D41E2C11DA}.Debug|Any CPU.Build.0 = Debug|Any CPU
		{2D30C9C0-18F5-499F-ADD6-92D41E2C11DA}.Release|Any CPU.ActiveCfg = Release|Any CPU
		{2D30C9C0-18F5-499F-ADD6-92D41E2C11DA}.Release|Any CPU.Build.0 = Release|Any CPU
		{C9FFA73A-1DCD-4B21-BB66-C765B924F3E1}.Debug|Any CPU.ActiveCfg = Debug|Any CPU
		{C9FFA73A-1DCD-4B21-BB66-C765B924F3E1}.Debug|Any CPU.Build.0 = Debug|Any CPU
		{C9FFA73A-1DCD-4B21-BB66-C765B924F3E1}.Release|Any CPU.ActiveCfg = Release|Any CPU
		{C9FFA73A-1DCD-4B21-BB66-C765B924F3E1}.Release|Any CPU.Build.0 = Release|Any CPU
	EndGlobalSection
EndGlobal
