
Microsoft Visual Studio Solution File, Format Version 12.00
# Visual Studio Version 17
VisualStudioVersion = 17.0.31903.59
MinimumVisualStudioVersion = 10.0.40219.1
Project("{2150E333-8FDC-42A3-9474-1A3956D46DE8}") = "src", "src", "{D8EE3121-5597-42AC-8C56-308A6539B5E2}"
EndProject
Project("{FAE04EC0-301F-11D3-BF4B-00C04F79EFBC}") = "KriosManufacturing.Api", "src\KriosManufacturing.Api\KriosManufacturing.Api.csproj", "{40030B1D-9694-483E-A1C2-506817298C97}"
EndProject
Project("{FAE04EC0-301F-11D3-BF4B-00C04F79EFBC}") = "KriosManufacturing.App", "src\KriosManufacturing.App\KriosManufacturing.App.csproj", "{88285A54-C8A8-4D65-A16C-0482D213AD59}"
EndProject
Project("{FAE04EC0-301F-11D3-BF4B-00C04F79EFBC}") = "KriosManufacturing.Core", "src\KriosManufacturing.Core\KriosManufacturing.Core.csproj", "{3C6675AD-2EAF-4D8E-9E14-E3431718BC2E}"
EndProject
Project("{FAE04EC0-301F-11D3-BF4B-00C04F79EFBC}") = "KriosManufacturing.WebApp", "src\KriosManufacturing.WebApp\KriosManufacturing.WebApp.csproj", "{C4B2F500-2C80-41A7-96A1-D29528859D59}"
EndProject
Global
	GlobalSection(SolutionConfigurationPlatforms) = preSolution
		Debug|Any CPU = Debug|Any CPU
		Release|Any CPU = Release|Any CPU
	EndGlobalSection
	GlobalSection(ProjectConfigurationPlatforms) = postSolution
		{40030B1D-9694-483E-A1C2-506817298C97}.Debug|Any CPU.ActiveCfg = Debug|Any CPU
		{40030B1D-9694-483E-A1C2-506817298C97}.Debug|Any CPU.Build.0 = Debug|Any CPU
		{40030B1D-9694-483E-A1C2-506817298C97}.Release|Any CPU.ActiveCfg = Release|Any CPU
		{40030B1D-9694-483E-A1C2-506817298C97}.Release|Any CPU.Build.0 = Release|Any CPU
		{88285A54-C8A8-4D65-A16C-0482D213AD59}.Debug|Any CPU.ActiveCfg = Debug|Any CPU
		{88285A54-C8A8-4D65-A16C-0482D213AD59}.Debug|Any CPU.Build.0 = Debug|Any CPU
		{88285A54-C8A8-4D65-A16C-0482D213AD59}.Release|Any CPU.ActiveCfg = Release|Any CPU
		{88285A54-C8A8-4D65-A16C-0482D213AD59}.Release|Any CPU.Build.0 = Release|Any CPU
		{3C6675AD-2EAF-4D8E-9E14-E3431718BC2E}.Debug|Any CPU.ActiveCfg = Debug|Any CPU
		{3C6675AD-2EAF-4D8E-9E14-E3431718BC2E}.Debug|Any CPU.Build.0 = Debug|Any CPU
		{3C6675AD-2EAF-4D8E-9E14-E3431718BC2E}.Release|Any CPU.ActiveCfg = Release|Any CPU
		{3C6675AD-2EAF-4D8E-9E14-E3431718BC2E}.Release|Any CPU.Build.0 = Release|Any CPU
		{C4B2F500-2C80-41A7-96A1-D29528859D59}.Debug|Any CPU.ActiveCfg = Debug|Any CPU
		{C4B2F500-2C80-41A7-96A1-D29528859D59}.Debug|Any CPU.Build.0 = Debug|Any CPU
		{C4B2F500-2C80-41A7-96A1-D29528859D59}.Release|Any CPU.ActiveCfg = Release|Any CPU
		{C4B2F500-2C80-41A7-96A1-D29528859D59}.Release|Any CPU.Build.0 = Release|Any CPU
	EndGlobalSection
	GlobalSection(SolutionProperties) = preSolution
		HideSolutionNode = FALSE
	EndGlobalSection
	GlobalSection(NestedProjects) = preSolution
		{40030B1D-9694-483E-A1C2-506817298C97} = {D8EE3121-5597-42AC-8C56-308A6539B5E2}
		{88285A54-C8A8-4D65-A16C-0482D213AD59} = {D8EE3121-5597-42AC-8C56-308A6539B5E2}
		{3C6675AD-2EAF-4D8E-9E14-E3431718BC2E} = {D8EE3121-5597-42AC-8C56-308A6539B5E2}
		{C4B2F500-2C80-41A7-96A1-D29528859D59} = {D8EE3121-5597-42AC-8C56-308A6539B5E2}
	EndGlobalSection
EndGlobal
